
Microsoft Visual Studio Solution File, Format Version 12.00
# Visual Studio Version 17
VisualStudioVersion = 17.0.32014.148
MinimumVisualStudioVersion = 10.0.40219.1
Project("{9A19103F-16F7-4668-BE54-9A1E7A4F7556}") = "GeospatialLocation.API", "GeospatialLocation.API\GeospatialLocation.API.csproj", "{4472B8C3-A43B-4E51-AC7D-6BA6DD88361F}"
EndProject
Project("{2150E333-8FDC-42A3-9474-1A3956D46DE8}") = "Infrasctructure", "Infrasctructure", "{85B1587F-2A9F-425A-AE57-37618E5B8A73}"
EndProject
Project("{9A19103F-16F7-4668-BE54-9A1E7A4F7556}") = "GeospatialLocation.Infrastructure.IoC", "GeospatialLocation.Infrastructure.IoC\GeospatialLocation.Infrastructure.IoC.csproj", "{3CFF51CA-8DCF-4855-8F9E-14C9189CF912}"
EndProject
Project("{2150E333-8FDC-42A3-9474-1A3956D46DE8}") = "Application", "Application", "{9AB506C6-CE61-40E9-912F-3D70726BF686}"
EndProject
Project("{2150E333-8FDC-42A3-9474-1A3956D46DE8}") = "Domain", "Domain", "{C5F44BA3-AFEB-48F7-908E-BA0A25850801}"
EndProject
Project("{2150E333-8FDC-42A3-9474-1A3956D46DE8}") = "API", "API", "{A7A1D7D0-FDA1-4EAF-9BE4-D635FFD75D44}"
EndProject
Project("{2150E333-8FDC-42A3-9474-1A3956D46DE8}") = "Tests", "Tests", "{06B6F416-C79E-4D43-85FD-3E1B54C036E6}"
EndProject
Project("{9A19103F-16F7-4668-BE54-9A1E7A4F7556}") = "GeospatialLocation.Application", "GeospatialLocation.Application\GeospatialLocation.Application.csproj", "{5E04212B-3515-4ED0-9BB7-A1D05DF197C2}"
EndProject
Project("{9A19103F-16F7-4668-BE54-9A1E7A4F7556}") = "GeospatialLocation.Domain", "GeospatialLocation.Domain\GeospatialLocation.Domain.csproj", "{F7DE7CCE-551F-4231-A490-7068385630BE}"
EndProject
Project("{9A19103F-16F7-4668-BE54-9A1E7A4F7556}") = "GeospatialLocation.Infrastructure.Redis", "GeospatialLocation.Infrastructure.Redis\GeospatialLocation.Infrastructure.Redis.csproj", "{646BF9A7-D140-4424-867D-90408F477B86}"
EndProject
Project("{FAE04EC0-301F-11D3-BF4B-00C04F79EFBC}") = "GeospatialLocation.Tests", "GeospatialLocation.Tests\GeospatialLocation.Tests.csproj", "{D2B0EF77-511E-4D24-AA2B-FDF9A7196A4A}"
EndProject
Global
	GlobalSection(SolutionConfigurationPlatforms) = preSolution
		Debug|Any CPU = Debug|Any CPU
		Release|Any CPU = Release|Any CPU
	EndGlobalSection
	GlobalSection(ProjectConfigurationPlatforms) = postSolution
		{4472B8C3-A43B-4E51-AC7D-6BA6DD88361F}.Debug|Any CPU.ActiveCfg = Debug|Any CPU
		{4472B8C3-A43B-4E51-AC7D-6BA6DD88361F}.Debug|Any CPU.Build.0 = Debug|Any CPU
		{4472B8C3-A43B-4E51-AC7D-6BA6DD88361F}.Release|Any CPU.ActiveCfg = Release|Any CPU
		{4472B8C3-A43B-4E51-AC7D-6BA6DD88361F}.Release|Any CPU.Build.0 = Release|Any CPU
		{3CFF51CA-8DCF-4855-8F9E-14C9189CF912}.Debug|Any CPU.ActiveCfg = Debug|Any CPU
		{3CFF51CA-8DCF-4855-8F9E-14C9189CF912}.Debug|Any CPU.Build.0 = Debug|Any CPU
		{3CFF51CA-8DCF-4855-8F9E-14C9189CF912}.Release|Any CPU.ActiveCfg = Release|Any CPU
		{3CFF51CA-8DCF-4855-8F9E-14C9189CF912}.Release|Any CPU.Build.0 = Release|Any CPU
		{5E04212B-3515-4ED0-9BB7-A1D05DF197C2}.Debug|Any CPU.ActiveCfg = Debug|Any CPU
		{5E04212B-3515-4ED0-9BB7-A1D05DF197C2}.Debug|Any CPU.Build.0 = Debug|Any CPU
		{5E04212B-3515-4ED0-9BB7-A1D05DF197C2}.Release|Any CPU.ActiveCfg = Release|Any CPU
		{5E04212B-3515-4ED0-9BB7-A1D05DF197C2}.Release|Any CPU.Build.0 = Release|Any CPU
		{F7DE7CCE-551F-4231-A490-7068385630BE}.Debug|Any CPU.ActiveCfg = Debug|Any CPU
		{F7DE7CCE-551F-4231-A490-7068385630BE}.Debug|Any CPU.Build.0 = Debug|Any CPU
		{F7DE7CCE-551F-4231-A490-7068385630BE}.Release|Any CPU.ActiveCfg = Release|Any CPU
		{F7DE7CCE-551F-4231-A490-7068385630BE}.Release|Any CPU.Build.0 = Release|Any CPU
		{646BF9A7-D140-4424-867D-90408F477B86}.Debug|Any CPU.ActiveCfg = Debug|Any CPU
		{646BF9A7-D140-4424-867D-90408F477B86}.Debug|Any CPU.Build.0 = Debug|Any CPU
		{646BF9A7-D140-4424-867D-90408F477B86}.Release|Any CPU.ActiveCfg = Release|Any CPU
		{646BF9A7-D140-4424-867D-90408F477B86}.Release|Any CPU.Build.0 = Release|Any CPU
		{D2B0EF77-511E-4D24-AA2B-FDF9A7196A4A}.Debug|Any CPU.ActiveCfg = Debug|Any CPU
		{D2B0EF77-511E-4D24-AA2B-FDF9A7196A4A}.Debug|Any CPU.Build.0 = Debug|Any CPU
		{D2B0EF77-511E-4D24-AA2B-FDF9A7196A4A}.Release|Any CPU.ActiveCfg = Release|Any CPU
		{D2B0EF77-511E-4D24-AA2B-FDF9A7196A4A}.Release|Any CPU.Build.0 = Release|Any CPU
	EndGlobalSection
	GlobalSection(SolutionProperties) = preSolution
		HideSolutionNode = FALSE
	EndGlobalSection
	GlobalSection(NestedProjects) = preSolution
		{4472B8C3-A43B-4E51-AC7D-6BA6DD88361F} = {A7A1D7D0-FDA1-4EAF-9BE4-D635FFD75D44}
		{3CFF51CA-8DCF-4855-8F9E-14C9189CF912} = {85B1587F-2A9F-425A-AE57-37618E5B8A73}
		{5E04212B-3515-4ED0-9BB7-A1D05DF197C2} = {9AB506C6-CE61-40E9-912F-3D70726BF686}
		{F7DE7CCE-551F-4231-A490-7068385630BE} = {C5F44BA3-AFEB-48F7-908E-BA0A25850801}
		{646BF9A7-D140-4424-867D-90408F477B86} = {85B1587F-2A9F-425A-AE57-37618E5B8A73}
		{D2B0EF77-511E-4D24-AA2B-FDF9A7196A4A} = {06B6F416-C79E-4D43-85FD-3E1B54C036E6}
	EndGlobalSection
	GlobalSection(ExtensibilityGlobals) = postSolution
		SolutionGuid = {EFE2852A-A877-4A72-9331-3BEB49090E8F}
	EndGlobalSection
EndGlobal
